
Microsoft Visual Studio Solution File, Format Version 12.00
# Visual Studio Version 16
VisualStudioVersion = 16.0.29519.181
MinimumVisualStudioVersion = 10.0.40219.1
Project("{FAE04EC0-301F-11D3-BF4B-00C04F79EFBC}") = "Hackathon", "Hackathon.csproj", "{1E34653D-D135-4BB4-8D9F-3596E0DC831D}"
EndProject
Global
	GlobalSection(SolutionConfigurationPlatforms) = preSolution
		Debug|Any CPU = Debug|Any CPU
		Release|Any CPU = Release|Any CPU
	EndGlobalSection
	GlobalSection(ProjectConfigurationPlatforms) = postSolution
		{1E34653D-D135-4BB4-8D9F-3596E0DC831D}.Debug|Any CPU.ActiveCfg = Debug|Any CPU
		{1E34653D-D135-4BB4-8D9F-3596E0DC831D}.Debug|Any CPU.Build.0 = Debug|Any CPU
		{1E34653D-D135-4BB4-8D9F-3596E0DC831D}.Release|Any CPU.ActiveCfg = Release|Any CPU
		{1E34653D-D135-4BB4-8D9F-3596E0DC831D}.Release|Any CPU.Build.0 = Release|Any CPU
	EndGlobalSection
	GlobalSection(SolutionProperties) = preSolution
		HideSolutionNode = FALSE
	EndGlobalSection
	GlobalSection(ExtensibilityGlobals) = postSolution
		SolutionGuid = {3A2BE066-EB17-4CDD-81EC-7919D306F9E5}
	EndGlobalSection
EndGlobal
