
Microsoft Visual Studio Solution File, Format Version 12.00
# Visual Studio Version 16
VisualStudioVersion = 16.0.29519.181
MinimumVisualStudioVersion = 10.0.40219.1
Project("{FAE04EC0-301F-11D3-BF4B-00C04F79EFBC}") = "Hackathon", "Hackathon.csproj", "{27BB364C-8B01-4105-AE98-F8B3D8D94F92}"
EndProject
Global
	GlobalSection(SolutionConfigurationPlatforms) = preSolution
		Debug|Any CPU = Debug|Any CPU
		Release|Any CPU = Release|Any CPU
	EndGlobalSection
	GlobalSection(ProjectConfigurationPlatforms) = postSolution
		{27BB364C-8B01-4105-AE98-F8B3D8D94F92}.Debug|Any CPU.ActiveCfg = Debug|Any CPU
		{27BB364C-8B01-4105-AE98-F8B3D8D94F92}.Debug|Any CPU.Build.0 = Debug|Any CPU
		{27BB364C-8B01-4105-AE98-F8B3D8D94F92}.Release|Any CPU.ActiveCfg = Release|Any CPU
		{27BB364C-8B01-4105-AE98-F8B3D8D94F92}.Release|Any CPU.Build.0 = Release|Any CPU
	EndGlobalSection
	GlobalSection(SolutionProperties) = preSolution
		HideSolutionNode = FALSE
	EndGlobalSection
	GlobalSection(ExtensibilityGlobals) = postSolution
		SolutionGuid = {471BD34C-3327-4C9C-86B1-35C2474FE8ED}
	EndGlobalSection
EndGlobal
